
Microsoft Visual Studio Solution File, Format Version 12.00
# Visual Studio 15
VisualStudioVersion = 15.0.26730.12
MinimumVisualStudioVersion = 10.0.40219.1
Project("{2150E333-8FDC-42A3-9474-1A3956D46DE8}") = "Feature", "Feature", "{17DD5718-6E13-4F2C-9738-B410396D4552}"
EndProject
Project("{2150E333-8FDC-42A3-9474-1A3956D46DE8}") = "Foundation", "Foundation", "{4FDA1DCD-D33E-447E-91C1-F4AE818E2CF0}"
EndProject
Project("{2150E333-8FDC-42A3-9474-1A3956D46DE8}") = "Project", "Project", "{15D97D61-D597-42EC-B7E9-E9EC8130E630}"
EndProject
Project("{2150E333-8FDC-42A3-9474-1A3956D46DE8}") = "Configuration", "Configuration", "{ADCA10F7-A1D2-407B-8074-60418168C02E}"
	ProjectSection(SolutionItems) = preProject
		.editorconfig = .editorconfig
		.gitattributes = .gitattributes
		.gitignore = .gitignore
		nuget.config = nuget.config
		README.md = README.md
	EndProjectSection
EndProject
Project("{2150E333-8FDC-42A3-9474-1A3956D46DE8}") = "Documentation", "Documentation", "{DAFED8F5-6CBD-4384-AAD6-DC3BCCF24911}"
	ProjectSection(SolutionItems) = preProject
		documentation\README.md = documentation\README.md
	EndProjectSection
EndProject
Project("{2150E333-8FDC-42A3-9474-1A3956D46DE8}") = "images", "images", "{D27C83D2-2EAF-4E44-A1ED-2B3C2EBB5854}"
	ProjectSection(SolutionItems) = preProject
		documentation\images\clone-success-message.png = documentation\images\clone-success-message.png
		documentation\images\cloneme-button.png = documentation\images\cloneme-button.png
		documentation\images\deal-with-it.gif = documentation\images\deal-with-it.gif
		documentation\images\hackathon.png = documentation\images\hackathon.png
		documentation\images\select-source-item.png = documentation\images\select-source-item.png
	EndProjectSection
EndProject
Project("{2150E333-8FDC-42A3-9474-1A3956D46DE8}") = "Solution Items", "Solution Items", "{2ED30746-56A7-46DA-8A82-2FA1FC0C2C57}"
	ProjectSection(SolutionItems) = preProject
		TestFile.txt = TestFile.txt
	EndProjectSection
EndProject
Project("{FAE04EC0-301F-11D3-BF4B-00C04F79EFBC}") = "CloneMe.Website", "src\Project\CloneMe\CloneMe.Website.csproj", "{21BE9363-FEBC-4ABF-BA3E-273D7BAB40A5}"
EndProject
Project("{FAE04EC0-301F-11D3-BF4B-00C04F79EFBC}") = "CloneMe.Foundation", "src\Foundation\CloneMe.Foundation\CloneMe.Foundation.csproj", "{376225AE-5645-4BB0-885B-4DE71BACE652}"
EndProject
Project("{FAE04EC0-301F-11D3-BF4B-00C04F79EFBC}") = "CloneMe.Feature", "src\Feature\CloneMe.Feature\CloneMe.Feature.csproj", "{9F443179-B892-4FA7-8D33-F1E848A0A631}"
EndProject
Global
	GlobalSection(SolutionConfigurationPlatforms) = preSolution
		Debug|Any CPU = Debug|Any CPU
		Release|Any CPU = Release|Any CPU
	EndGlobalSection
	GlobalSection(ProjectConfigurationPlatforms) = postSolution
		{21BE9363-FEBC-4ABF-BA3E-273D7BAB40A5}.Debug|Any CPU.ActiveCfg = Debug|Any CPU
		{21BE9363-FEBC-4ABF-BA3E-273D7BAB40A5}.Debug|Any CPU.Build.0 = Debug|Any CPU
		{21BE9363-FEBC-4ABF-BA3E-273D7BAB40A5}.Release|Any CPU.ActiveCfg = Release|Any CPU
		{21BE9363-FEBC-4ABF-BA3E-273D7BAB40A5}.Release|Any CPU.Build.0 = Release|Any CPU
		{376225AE-5645-4BB0-885B-4DE71BACE652}.Debug|Any CPU.ActiveCfg = Debug|Any CPU
		{376225AE-5645-4BB0-885B-4DE71BACE652}.Debug|Any CPU.Build.0 = Debug|Any CPU
		{376225AE-5645-4BB0-885B-4DE71BACE652}.Release|Any CPU.ActiveCfg = Release|Any CPU
		{376225AE-5645-4BB0-885B-4DE71BACE652}.Release|Any CPU.Build.0 = Release|Any CPU
		{9F443179-B892-4FA7-8D33-F1E848A0A631}.Debug|Any CPU.ActiveCfg = Debug|Any CPU
		{9F443179-B892-4FA7-8D33-F1E848A0A631}.Debug|Any CPU.Build.0 = Debug|Any CPU
		{9F443179-B892-4FA7-8D33-F1E848A0A631}.Release|Any CPU.ActiveCfg = Release|Any CPU
		{9F443179-B892-4FA7-8D33-F1E848A0A631}.Release|Any CPU.Build.0 = Release|Any CPU
	EndGlobalSection
	GlobalSection(SolutionProperties) = preSolution
		HideSolutionNode = FALSE
	EndGlobalSection
	GlobalSection(NestedProjects) = preSolution
		{D27C83D2-2EAF-4E44-A1ED-2B3C2EBB5854} = {DAFED8F5-6CBD-4384-AAD6-DC3BCCF24911}
		{21BE9363-FEBC-4ABF-BA3E-273D7BAB40A5} = {15D97D61-D597-42EC-B7E9-E9EC8130E630}
		{376225AE-5645-4BB0-885B-4DE71BACE652} = {4FDA1DCD-D33E-447E-91C1-F4AE818E2CF0}
		{9F443179-B892-4FA7-8D33-F1E848A0A631} = {17DD5718-6E13-4F2C-9738-B410396D4552}
	EndGlobalSection
	GlobalSection(ExtensibilityGlobals) = postSolution
		SolutionGuid = {311DA37D-528B-43B2-A99B-E7253F841D46}
	EndGlobalSection
EndGlobal
